version = 1
revision = 3
requires-python = ">=3.11"

[[package]]
name = "colorama"
version = "0.4.6"
source = { registry = "https://pypi.org/simple" }
sdist = { url = "https://files.pythonhosted.org/packages/d8/53/6f443c9a4a8358a93a6792e2acffb9d9d5cb0a5cfd8802644b7b1c9a02e4/colorama-0.4.6.tar.gz", hash = "sha256:08695f5cb7ed6e0531a20572697297273c47b8cae5a63ffc6d6ed5c201be6e44", size = 27697, upload-time = "2022-10-25T02:36:22.414Z" }
wheels = [
    { url = "https://files.pythonhosted.org/packages/d1/d6/3965ed04c63042e047cb6a3e6ed1a63a35087b6a609aa3a15ed8ac56c221/colorama-0.4.6-py2.py3-none-any.whl", hash = "sha256:4f1d9991f5acc0ca119f9d443620b77f9d6b33703e51011c16baf57afb285fc6", size = 25335, upload-time = "2022-10-25T02:36:20.889Z" },
]

[[package]]
name = "greenlet"
version = "3.4.0"
source = { registry = "https://pypi.org/simple" }
sdist = { url = "https://files.pythonhosted.org/packages/86/94/a5935717b307d7c71fe877b52b884c6af707d2d2090db118a03fbd799369/greenlet-3.4.0.tar.gz", hash = "sha256:f50a96b64dafd6169e595a5c56c9146ef80333e67d4476a65a9c55f400fc22ff", size = 195913, upload-time = "2026-04-08T17:08:00.863Z" }
wheels = [
    { url = "https://files.pythonhosted.org/packages/fb/c6/dba32cab7e3a625b011aa5647486e2d28423a48845a2998c126dd69c85e1/greenlet-3.4.0-cp311-cp311-macosx_11_0_universal2.whl", hash = "sha256:805bebb4945094acbab757d34d6e1098be6de8966009ab9ca54f06ff492def58", size = 285504, upload-time = "2026-04-08T15:52:14.071Z" },
    { url = "https://files.pythonhosted.org/packages/54/f4/7cb5c2b1feb9a1f50e038be79980dfa969aa91979e5e3a18fdbcfad2c517/greenlet-3.4.0-cp311-cp311-manylinux_2_24_aarch64.manylinux_2_28_aarch64.whl", hash = "sha256:439fc2f12b9b512d9dfa681c5afe5f6b3232c708d13e6f02c845e0d9f4c2d8c6", size = 605476, upload-time = "2026-04-08T16:24:37.064Z" },
    { url = "https://files.pythonhosted.org/packages/d6/af/b66ab0b2f9a4c5a867c136bf66d9599f34f21a1bcca26a2884a29c450bd9/greenlet-3.4.0-cp311-cp311-manylinux_2_24_ppc64le.manylinux_2_28_ppc64le.whl", hash = "sha256:a70ed1cb0295bee1df57b63bf7f46b4e56a5c93709eea769c1fec1bb23a95875", size = 618336, upload-time = "2026-04-08T16:30:56.59Z" },
    { url = "https://files.pythonhosted.org/packages/6d/31/56c43d2b5de476f77d36ceeec436328533bff960a4cba9a07616e93063ab/greenlet-3.4.0-cp311-cp311-manylinux_2_24_s390x.manylinux_2_28_s390x.whl", hash = "sha256:8c5696c42e6bb5cfb7c6ff4453789081c66b9b91f061e5e9367fa15792644e76", size = 625045, upload-time = "2026-04-08T16:40:37.111Z" },
    { url = "https://files.pythonhosted.org/packages/e5/5c/8c5633ece6ba611d64bf2770219a98dd439921d6424e4e8cf16b0ac74ea5/greenlet-3.4.0-cp311-cp311-manylinux_2_24_x86_64.manylinux_2_28_x86_64.whl", hash = "sha256:c660bce1940a1acae5f51f0a064f1bc785d07ea16efcb4bc708090afc4d69e83", size = 613515, upload-time = "2026-04-08T15:56:32.478Z" },
    { url = "https://files.pythonhosted.org/packages/80/ca/704d4e2c90acb8bdf7ae593f5cbc95f58e82de95cc540fb75631c1054533/greenlet-3.4.0-cp311-cp311-manylinux_2_39_riscv64.whl", hash = "sha256:89995ce5ddcd2896d89615116dd39b9703bfa0c07b583b85b89bf1b5d6eddf81", size = 419745, upload-time = "2026-04-08T16:43:04.022Z" },
    { url = "https://files.pythonhosted.org/packages/a9/df/950d15bca0d90a0e7395eb777903060504cdb509b7b705631e8fb69ff415/greenlet-3.4.0-cp311-cp311-musllinux_1_2_aarch64.whl", hash = "sha256:ee407d4d1ca9dc632265aee1c8732c4a2d60adff848057cdebfe5fe94eb2c8a2", size = 1574623, upload-time = "2026-04-08T16:26:18.596Z" },
    { url = "https://files.pythonhosted.org/packages/1a/e7/0839afab829fcb7333c9ff6d80c040949510055d2d4d63251f0d1c7c804e/greenlet-3.4.0-cp311-cp311-musllinux_1_2_x86_64.whl", hash = "sha256:956215d5e355fffa7c021d168728321fd4d31fd730ac609b1653b450f6a4bc71", size = 1639579, upload-time = "2026-04-08T15:57:29.231Z" },
    { url = "https://files.pythonhosted.org/packages/d9/2b/b4482401e9bcaf9f5c97f67ead38db89c19520ff6d0d6699979c6efcc200/greenlet-3.4.0-cp311-cp311-win_amd64.whl", hash = "sha256:5cb614ace7c27571270354e9c9f696554d073f8aa9319079dcba466bbdead711", size = 238233, upload-time = "2026-04-08T17:02:54.286Z" },
    { url = "https://files.pythonhosted.org/packages/0c/4d/d8123a4e0bcd583d5cfc8ddae0bbe29c67aab96711be331a7cc935a35966/greenlet-3.4.0-cp311-cp311-win_arm64.whl", hash = "sha256:04403ac74fe295a361f650818de93be11b5038a78f49ccfb64d3b1be8fbf1267", size = 235045, upload-time = "2026-04-08T17:04:05.072Z" },
    { url = "https://files.pythonhosted.org/packages/65/8b/3669ad3b3f247a791b2b4aceb3aa5a31f5f6817bf547e4e1ff712338145a/greenlet-3.4.0-cp312-cp312-macosx_11_0_universal2.whl", hash = "sha256:1a54a921561dd9518d31d2d3db4d7f80e589083063ab4d3e2e950756ef809e1a", size = 286902, upload-time = "2026-04-08T15:52:12.138Z" },
    { url = "https://files.pythonhosted.org/packages/38/3e/3c0e19b82900873e2d8469b590a6c4b3dfd2b316d0591f1c26b38a4879a5/greenlet-3.4.0-cp312-cp312-manylinux_2_24_aarch64.manylinux_2_28_aarch64.whl", hash = "sha256:16dec271460a9a2b154e3b1c2fa1050ce6280878430320e85e08c166772e3f97", size = 606099, upload-time = "2026-04-08T16:24:38.408Z" },
    { url = "https://files.pythonhosted.org/packages/b5/33/99fef65e7754fc76a4ed14794074c38c9ed3394a5bd129d7f61b705f3168/greenlet-3.4.0-cp312-cp312-manylinux_2_24_ppc64le.manylinux_2_28_ppc64le.whl", hash = "sha256:90036ce224ed6fe75508c1907a77e4540176dcf0744473627785dd519c6f9996", size = 618837, upload-time = "2026-04-08T16:30:58.298Z" },
    { url = "https://files.pythonhosted.org/packages/44/57/eae2cac10421feae6c0987e3dc106c6d86262b1cb379e171b017aba893a6/greenlet-3.4.0-cp312-cp312-manylinux_2_24_s390x.manylinux_2_28_s390x.whl", hash = "sha256:6f0def07ec9a71d72315cf26c061aceee53b306c36ed38c35caba952ea1b319d", size = 624901, upload-time = "2026-04-08T16:40:38.981Z" },
    { url = "https://files.pythonhosted.org/packages/36/f7/229f3aed6948faa20e0616a0b8568da22e365ede6a54d7d369058b128afd/greenlet-3.4.0-cp312-cp312-manylinux_2_24_x86_64.manylinux_2_28_x86_64.whl", hash = "sha256:a1c4f6b453006efb8310affb2d132832e9bbb4fc01ce6df6b70d810d38f1f6dc", size = 615062, upload-time = "2026-04-08T15:56:33.766Z" },
    { url = "https://files.pythonhosted.org/packages/6a/8a/0e73c9b94f31d1cc257fe79a0eff621674141cdae7d6d00f40de378a1e42/greenlet-3.4.0-cp312-cp312-manylinux_2_39_riscv64.whl", hash = "sha256:0e1254cf0cbaa17b04320c3a78575f29f3c161ef38f59c977108f19ffddaf077", size = 423927, upload-time = "2026-04-08T16:43:05.293Z" },
    { url = "https://files.pythonhosted.org/packages/08/97/d988180011aa40135c46cd0d0cf01dd97f7162bae14139b4a3ef54889ba5/greenlet-3.4.0-cp312-cp312-musllinux_1_2_aarch64.whl", hash = "sha256:9b2d9a138ffa0e306d0e2b72976d2fb10b97e690d40ab36a472acaab0838e2de", size = 1573511, upload-time = "2026-04-08T16:26:20.058Z" },
    { url = "https://files.pythonhosted.org/packages/d4/0f/a5a26fe152fb3d12e6a474181f6e9848283504d0afd095f353d85726374b/greenlet-3.4.0-cp312-cp312-musllinux_1_2_x86_64.whl", hash = "sha256:8424683caf46eb0eb6f626cb95e008e8cc30d0cb675bdfa48200925c79b38a08", size = 1640396, upload-time = "2026-04-08T15:57:30.88Z" },
    { url = "https://files.pythonhosted.org/packages/42/cf/bb2c32d9a100e36ee9f6e38fad6b1e082b8184010cb06259b49e1266ca01/greenlet-3.4.0-cp312-cp312-win_amd64.whl", hash = "sha256:a0a53fb071531d003b075c444014ff8f8b1a9898d36bb88abd9ac7b3524648a2", size = 238892, upload-time = "2026-04-08T17:03:10.094Z" },
    { url = "https://files.pythonhosted.org/packages/b7/47/6c41314bac56e71436ce551c7fbe3cc830ed857e6aa9708dbb9c65142eb6/greenlet-3.4.0-cp312-cp312-win_arm64.whl", hash = "sha256:f38b81880ba28f232f1f675893a39cf7b6db25b31cc0a09bb50787ecf957e85e", size = 235599, upload-time = "2026-04-08T15:52:54.3Z" },
    { url = "https://files.pythonhosted.org/packages/7a/75/7e9cd1126a1e1f0cd67b0eda02e5221b28488d352684704a78ed505bd719/greenlet-3.4.0-cp313-cp313-macosx_11_0_universal2.whl", hash = "sha256:43748988b097f9c6f09364f260741aa73c80747f63389824435c7a50bfdfd5c1", size = 285856, upload-time = "2026-04-08T15:52:45.82Z" },
    { url = "https://files.pythonhosted.org/packages/9d/c4/3e2df392e5cb199527c4d9dbcaa75c14edcc394b45040f0189f649631e3c/greenlet-3.4.0-cp313-cp313-manylinux_2_24_aarch64.manylinux_2_28_aarch64.whl", hash = "sha256:5566e4e2cd7a880e8c27618e3eab20f3494452d12fd5129edef7b2f7aa9a36d1", size = 610208, upload-time = "2026-04-08T16:24:39.674Z" },
    { url = "https://files.pythonhosted.org/packages/da/af/750cdfda1d1bd30a6c28080245be8d0346e669a98fdbae7f4102aa95fff3/greenlet-3.4.0-cp313-cp313-manylinux_2_24_ppc64le.manylinux_2_28_ppc64le.whl", hash = "sha256:1054c5a3c78e2ab599d452f23f7adafef55062a783a8e241d24f3b633ba6ff82", size = 621269, upload-time = "2026-04-08T16:30:59.767Z" },
    { url = "https://files.pythonhosted.org/packages/e0/93/c8c508d68ba93232784bbc1b5474d92371f2897dfc6bc281b419f2e0d492/greenlet-3.4.0-cp313-cp313-manylinux_2_24_s390x.manylinux_2_28_s390x.whl", hash = "sha256:98eedd1803353daf1cd9ef23eef23eda5a4d22f99b1f998d273a8b78b70dd47f", size = 628455, upload-time = "2026-04-08T16:40:40.698Z" },
    { url = "https://files.pythonhosted.org/packages/54/78/0cbc693622cd54ebe25207efbb3a0eb07c2639cb8594f6e3aaaa0bb077a8/greenlet-3.4.0-cp313-cp313-manylinux_2_24_x86_64.manylinux_2_28_x86_64.whl", hash = "sha256:f82cb6cddc27dd81c96b1506f4aa7def15070c3b2a67d4e46fd19016aacce6cf", size = 617549, upload-time = "2026-04-08T15:56:34.893Z" },
    { url = "https://files.pythonhosted.org/packages/7f/46/cfaaa0ade435a60550fd83d07dfd5c41f873a01da17ede5c4cade0b9bab8/greenlet-3.4.0-cp313-cp313-manylinux_2_39_riscv64.whl", hash = "sha256:b7857e2202aae67bc5725e0c1f6403c20a8ff46094ece015e7d474f5f7020b55", size = 426238, upload-time = "2026-04-08T16:43:06.865Z" },
    { url = "https://files.pythonhosted.org/packages/ba/c0/8966767de01343c1ff47e8b855dc78e7d1a8ed2b7b9c83576a57e289f81d/greenlet-3.4.0-cp313-cp313-musllinux_1_2_aarch64.whl", hash = "sha256:227a46251ecba4ff46ae742bc5ce95c91d5aceb4b02f885487aff269c127a729", size = 1575310, upload-time = "2026-04-08T16:26:21.671Z" },
    { url = "https://files.pythonhosted.org/packages/b8/38/bcdc71ba05e9a5fda87f63ffc2abcd1f15693b659346df994a48c968003d/greenlet-3.4.0-cp313-cp313-musllinux_1_2_x86_64.whl", hash = "sha256:5b99e87be7eba788dd5b75ba1cde5639edffdec5f91fe0d734a249535ec3408c", size = 1640435, upload-time = "2026-04-08T15:57:32.572Z" },
    { url = "https://files.pythonhosted.org/packages/a1/c2/19b664b7173b9e4ef5f77e8cef9f14c20ec7fce7920dc1ccd7afd955d093/greenlet-3.4.0-cp313-cp313-win_amd64.whl", hash = "sha256:849f8bc17acd6295fcb5de8e46d55cc0e52381c56eaf50a2afd258e97bc65940", size = 238760, upload-time = "2026-04-08T17:04:03.878Z" },
    { url = "https://files.pythonhosted.org/packages/9b/96/795619651d39c7fbd809a522f881aa6f0ead504cc8201c3a5b789dfaef99/greenlet-3.4.0-cp313-cp313-win_arm64.whl", hash = "sha256:9390ad88b652b1903814eaabd629ca184db15e0eeb6fe8a390bbf8b9106ae15a", size = 235498, upload-time = "2026-04-08T17:05:00.584Z" },
    { url = "https://files.pythonhosted.org/packages/78/02/bde66806e8f169cf90b14d02c500c44cdbe02c8e224c9c67bafd1b8cadd1/greenlet-3.4.0-cp314-cp314-macosx_11_0_universal2.whl", hash = "sha256:10a07aca6babdd18c16a3f4f8880acfffc2b88dfe431ad6aa5f5740759d7d75e", size = 286291, upload-time = "2026-04-08T17:09:34.307Z" },
    { url = "https://files.pythonhosted.org/packages/05/1f/39da1c336a87d47c58352fb8a78541ce63d63ae57c5b9dae1fe02801bbc2/greenlet-3.4.0-cp314-cp314-manylinux_2_24_aarch64.manylinux_2_28_aarch64.whl", hash = "sha256:076e21040b3a917d3ce4ad68fb5c3c6b32f1405616c4a57aa83120979649bd3d", size = 656749, upload-time = "2026-04-08T16:24:41.721Z" },
    { url = "https://files.pythonhosted.org/packages/d3/6c/90ee29a4ee27af7aa2e2ec408799eeb69ee3fcc5abcecac6ddd07a5cd0f2/greenlet-3.4.0-cp314-cp314-manylinux_2_24_ppc64le.manylinux_2_28_ppc64le.whl", hash = "sha256:e82689eea4a237e530bb5cb41b180ef81fa2160e1f89422a67be7d90da67f615", size = 669084, upload-time = "2026-04-08T16:31:01.372Z" },
    { url = "https://files.pythonhosted.org/packages/d2/4a/74078d3936712cff6d3c91a930016f476ce4198d84e224fe6d81d3e02880/greenlet-3.4.0-cp314-cp314-manylinux_2_24_s390x.manylinux_2_28_s390x.whl", hash = "sha256:06c2d3b89e0c62ba50bd7adf491b14f39da9e7e701647cb7b9ff4c99bee04b19", size = 673405, upload-time = "2026-04-08T16:40:42.527Z" },
    { url = "https://files.pythonhosted.org/packages/07/49/d4cad6e5381a50947bb973d2f6cf6592621451b09368b8c20d9b8af49c5b/greenlet-3.4.0-cp314-cp314-manylinux_2_24_x86_64.manylinux_2_28_x86_64.whl", hash = "sha256:4df3b0b2289ec686d3c821a5fee44259c05cfe824dd5e6e12c8e5f5df23085cf", size = 665621, upload-time = "2026-04-08T15:56:35.995Z" },
    { url = "https://files.pythonhosted.org/packages/79/3e/df8a83ab894751bc31e1106fdfaa80ca9753222f106b04de93faaa55feb7/greenlet-3.4.0-cp314-cp314-manylinux_2_39_riscv64.whl", hash = "sha256:070b8bac2ff3b4d9e0ff36a0d19e42103331d9737e8504747cd1e659f76297bd", size = 471670, upload-time = "2026-04-08T16:43:08.512Z" },
    { url = "https://files.pythonhosted.org/packages/37/31/d1edd54f424761b5d47718822f506b435b6aab2f3f93b465441143ea5119/greenlet-3.4.0-cp314-cp314-musllinux_1_2_aarch64.whl", hash = "sha256:8bff29d586ea415688f4cec96a591fcc3bf762d046a796cdadc1fdb6e7f2d5bf", size = 1622259, upload-time = "2026-04-08T16:26:23.201Z" },
    { url = "https://files.pythonhosted.org/packages/b0/c6/6d3f9cdcb21c4e12a79cb332579f1c6aa1af78eb68059c5a957c7812d95e/greenlet-3.4.0-cp314-cp314-musllinux_1_2_x86_64.whl", hash = "sha256:8a569c2fb840c53c13a2b8967c63621fafbd1a0e015b9c82f408c33d626a2fda", size = 1686916, upload-time = "2026-04-08T15:57:34.282Z" },
    { url = "https://files.pythonhosted.org/packages/63/45/c1ca4a1ad975de4727e52d3ffe641ae23e1d7a8ffaa8ff7a0477e1827b92/greenlet-3.4.0-cp314-cp314-win_amd64.whl", hash = "sha256:207ba5b97ea8b0b60eb43ffcacf26969dd83726095161d676aac03ff913ee50d", size = 239821, upload-time = "2026-04-08T17:03:48.423Z" },
    { url = "https://files.pythonhosted.org/packages/71/c4/6f621023364d7e85a4769c014c8982f98053246d142420e0328980933ceb/greenlet-3.4.0-cp314-cp314-win_arm64.whl", hash = "sha256:f8296d4e2b92af34ebde81085a01690f26a51eb9ac09a0fcadb331eb36dbc802", size = 236932, upload-time = "2026-04-08T17:04:33.551Z" },
    { url = "https://files.pythonhosted.org/packages/d4/8f/18d72b629783f5e8d045a76f5325c1e938e659a9e4da79c7dcd10169a48d/greenlet-3.4.0-cp314-cp314t-macosx_11_0_universal2.whl", hash = "sha256:d70012e51df2dbbccfaf63a40aaf9b40c8bed37c3e3a38751c926301ce538ece", size = 294681, upload-time = "2026-04-08T15:52:35.778Z" },
    { url = "https://files.pythonhosted.org/packages/9e/ad/5fa86ec46769c4153820d58a04062285b3b9e10ba3d461ee257b68dcbf53/greenlet-3.4.0-cp314-cp314t-manylinux_2_24_aarch64.manylinux_2_28_aarch64.whl", hash = "sha256:a58bec0751f43068cd40cff31bb3ca02ad6000b3a51ca81367af4eb5abc480c8", size = 658899, upload-time = "2026-04-08T16:24:43.32Z" },
    { url = "https://files.pythonhosted.org/packages/43/f0/4e8174ca0e87ae748c409f055a1ba161038c43cc0a5a6f1433a26ac2e5bf/greenlet-3.4.0-cp314-cp314t-manylinux_2_24_ppc64le.manylinux_2_28_ppc64le.whl", hash = "sha256:05fa0803561028f4b2e3b490ee41216a842eaee11aed004cc343a996d9523aa2", size = 665284, upload-time = "2026-04-08T16:31:02.833Z" },
    { url = "https://files.pythonhosted.org/packages/ef/92/466b0d9afd44b8af623139a3599d651c7564fa4152f25f117e1ee5949ffb/greenlet-3.4.0-cp314-cp314t-manylinux_2_24_s390x.manylinux_2_28_s390x.whl", hash = "sha256:c4cd56a9eb7a6444edbc19062f7b6fbc8f287c663b946e3171d899693b1c19fa", size = 665872, upload-time = "2026-04-08T16:40:43.912Z" },
    { url = "https://files.pythonhosted.org/packages/19/da/991cf7cd33662e2df92a1274b7eb4d61769294d38a1bba8a45f31364845e/greenlet-3.4.0-cp314-cp314t-manylinux_2_24_x86_64.manylinux_2_28_x86_64.whl", hash = "sha256:e60d38719cb80b3ab5e85f9f1aed4960acfde09868af6762ccb27b260d68f4ed", size = 661861, upload-time = "2026-04-08T15:56:37.269Z" },
    { url = "https://files.pythonhosted.org/packages/0d/14/3395a7ef3e260de0325152ddfe19dffb3e49fe10873b94654352b53ad48e/greenlet-3.4.0-cp314-cp314t-manylinux_2_39_riscv64.whl", hash = "sha256:1f85f204c4d54134ae850d401fa435c89cd667d5ce9dc567571776b45941af72", size = 489237, upload-time = "2026-04-08T16:43:09.993Z" },
    { url = "https://files.pythonhosted.org/packages/36/c5/6c2c708e14db3d9caea4b459d8464f58c32047451142fe2cfd90e7458f41/greenlet-3.4.0-cp314-cp314t-musllinux_1_2_aarch64.whl", hash = "sha256:7f50c804733b43eded05ae694691c9aa68bca7d0a867d67d4a3f514742a2d53f", size = 1622182, upload-time = "2026-04-08T16:26:24.777Z" },
    { url = "https://files.pythonhosted.org/packages/7a/4c/50c5fed19378e11a29fabab1f6be39ea95358f4a0a07e115a51ca93385d8/greenlet-3.4.0-cp314-cp314t-musllinux_1_2_x86_64.whl", hash = "sha256:2d4f0635dc4aa638cda4b2f5a07ae9a2cff9280327b581a3fcb6f317b4fbc38a", size = 1685050, upload-time = "2026-04-08T15:57:36.453Z" },
    { url = "https://files.pythonhosted.org/packages/db/72/85ae954d734703ab48e622c59d4ce35d77ce840c265814af9c078cacc7aa/greenlet-3.4.0-cp314-cp314t-win_amd64.whl", hash = "sha256:1a4a48f24681300c640f143ba7c404270e1ebbbcf34331d7104a4ff40f8ea705", size = 245554, upload-time = "2026-04-08T17:03:50.044Z" },
]

[[package]]
name = "iniconfig"
version = "2.3.0"
source = { registry = "https://pypi.org/simple" }
sdist = { url = "https://files.pythonhosted.org/packages/72/34/14ca021ce8e5dfedc35312d08ba8bf51fdd999c576889fc2c24cb97f4f10/iniconfig-2.3.0.tar.gz", hash = "sha256:c76315c77db068650d49c5b56314774a7804df16fee4402c1f19d6d15d8c4730", size = 20503, upload-time = "2025-10-18T21:55:43.219Z" }
wheels = [
    { url = "https://files.pythonhosted.org/packages/cb/b1/3846dd7f199d53cb17f49cba7e651e9ce294d8497c8c150530ed11865bb8/iniconfig-2.3.0-py3-none-any.whl", hash = "sha256:f631c04d2c48c52b84d0d0549c99ff3859c98df65b3101406327ecc7d53fbf12", size = 7484, upload-time = "2025-10-18T21:55:41.639Z" },
]

[[package]]
name = "packaging"
version = "26.0"
source = { registry = "https://pypi.org/simple" }
sdist = { url = "https://files.pythonhosted.org/packages/65/ee/299d360cdc32edc7d2cf530f3accf79c4fca01e96ffc950d8a52213bd8e4/packaging-26.0.tar.gz", hash = "sha256:00243ae351a257117b6a241061796684b084ed1c516a08c48a3f7e147a9d80b4", size = 143416, upload-time = "2026-01-21T20:50:39.064Z" }
wheels = [
    { url = "https://files.pythonhosted.org/packages/b7/b9/c538f279a4e237a006a2c98387d081e9eb060d203d8ed34467cc0f0b9b53/packaging-26.0-py3-none-any.whl", hash = "sha256:b36f1fef9334a5588b4166f8bcd26a14e521f2b55e6b9de3aaa80d3ff7a37529", size = 74366, upload-time = "2026-01-21T20:50:37.788Z" },
]

[[package]]
name = "playwright"
version = "1.58.0"
source = { registry = "https://pypi.org/simple" }
dependencies = [
    { name = "greenlet" },
    { name = "pyee" },
]
wheels = [
    { url = "https://files.pythonhosted.org/packages/f8/c9/9c6061d5703267f1baae6a4647bfd1862e386fbfdb97d889f6f6ae9e3f64/playwright-1.58.0-py3-none-macosx_10_13_x86_64.whl", hash = "sha256:96e3204aac292ee639edbfdef6298b4be2ea0a55a16b7068df91adac077cc606", size = 42251098, upload-time = "2026-01-30T15:09:24.028Z" },
    { url = "https://files.pythonhosted.org/packages/e0/40/59d34a756e02f8c670f0fee987d46f7ee53d05447d43cd114ca015cb168c/playwright-1.58.0-py3-none-macosx_11_0_arm64.whl", hash = "sha256:70c763694739d28df71ed578b9c8202bb83e8fe8fb9268c04dd13afe36301f71", size = 41039625, upload-time = "2026-01-30T15:09:27.558Z" },
    { url = "https://files.pythonhosted.org/packages/e1/ee/3ce6209c9c74a650aac9028c621f357a34ea5cd4d950700f8e2c4b7fe2c4/playwright-1.58.0-py3-none-macosx_11_0_universal2.whl", hash = "sha256:185e0132578733d02802dfddfbbc35f42be23a45ff49ccae5081f25952238117", size = 42251098, upload-time = "2026-01-30T15:09:30.461Z" },
    { url = "https://files.pythonhosted.org/packages/f1/af/009958cbf23fac551a940d34e3206e6c7eed2b8c940d0c3afd1feb0b0589/playwright-1.58.0-py3-none-manylinux1_x86_64.whl", hash = "sha256:c95568ba1eda83812598c1dc9be60b4406dffd60b149bc1536180ad108723d6b", size = 46235268, upload-time = "2026-01-30T15:09:33.787Z" },
    { url = "https://files.pythonhosted.org/packages/d9/a6/0e66ad04b6d3440dae73efb39540c5685c5fc95b17c8b29340b62abbd952/playwright-1.58.0-py3-none-manylinux_2_17_aarch64.manylinux2014_aarch64.whl", hash = "sha256:8f9999948f1ab541d98812de25e3a8c410776aa516d948807140aff797b4bffa", size = 45964214, upload-time = "2026-01-30T15:09:36.751Z" },
    { url = "https://files.pythonhosted.org/packages/0e/4b/236e60ab9f6d62ed0fd32150d61f1f494cefbf02304c0061e78ed80c1c32/playwright-1.58.0-py3-none-win32.whl", hash = "sha256:1e03be090e75a0fabbdaeab65ce17c308c425d879fa48bb1d7986f96bfad0b99", size = 36815998, upload-time = "2026-01-30T15:09:39.627Z" },
    { url = "https://files.pythonhosted.org/packages/41/f8/5ec599c5e59d2f2f336a05b4f318e733077cd5044f24adb6f86900c3e6a7/playwright-1.58.0-py3-none-win_amd64.whl", hash = "sha256:a2bf639d0ce33b3ba38de777e08697b0d8f3dc07ab6802e4ac53fb65e3907af8", size = 36816005, upload-time = "2026-01-30T15:09:42.449Z" },
    { url = "https://files.pythonhosted.org/packages/c8/c4/cc0229fea55c87d6c9c67fe44a21e2cd28d1d558a5478ed4d617e9fb0c93/playwright-1.58.0-py3-none-win_arm64.whl", hash = "sha256:32ffe5c303901a13a0ecab91d1c3f74baf73b84f4bedbb6b935f5bc11cc98e1b", size = 33085919, upload-time = "2026-01-30T15:09:45.71Z" },
]

[[package]]
name = "pluggy"
version = "1.6.0"
source = { registry = "https://pypi.org/simple" }
sdist = { url = "https://files.pythonhosted.org/packages/f9/e2/3e91f31a7d2b083fe6ef3fa267035b518369d9511ffab804f839851d2779/pluggy-1.6.0.tar.gz", hash = "sha256:7dcc130b76258d33b90f61b658791dede3486c3e6bfb003ee5c9bfb396dd22f3", size = 69412, upload-time = "2025-05-15T12:30:07.975Z" }
wheels = [
    { url = "https://files.pythonhosted.org/packages/54/20/4d324d65cc6d9205fabedc306948156824eb9f0ee1633355a8f7ec5c66bf/pluggy-1.6.0-py3-none-any.whl", hash = "sha256:e920276dd6813095e9377c0bc5566d94c932c33b27a3e3945d8389c374dd4746", size = 20538, upload-time = "2025-05-15T12:30:06.134Z" },
]

[[package]]
name = "pyee"
version = "13.0.1"
source = { registry = "https://pypi.org/simple" }
dependencies = [
    { name = "typing-extensions" },
]
sdist = { url = "https://files.pythonhosted.org/packages/8b/04/e7c1fe4dc78a6fdbfd6c337b1c3732ff543b8a397683ab38378447baa331/pyee-13.0.1.tar.gz", hash = "sha256:0b931f7c14535667ed4c7e0d531716368715e860b988770fc7eb8578d1f67fc8", size = 31655, upload-time = "2026-02-14T21:12:28.044Z" }
wheels = [
    { url = "https://files.pythonhosted.org/packages/a0/c4/b4d4827c93ef43c01f599ef31453ccc1c132b353284fc6c87d535c233129/pyee-13.0.1-py3-none-any.whl", hash = "sha256:af2f8fede4171ef667dfded53f96e2ed0d6e6bd7ee3bb46437f77e3b57689228", size = 15659, upload-time = "2026-02-14T21:12:26.263Z" },
]

[[package]]
name = "pygments"
version = "2.19.2"
source = { registry = "https://pypi.org/simple" }
sdist = { url = "https://files.pythonhosted.org/packages/b0/77/a5b8c569bf593b0140bde72ea885a803b82086995367bf2037de0159d924/pygments-2.19.2.tar.gz", hash = "sha256:636cb2477cec7f8952536970bc533bc43743542f70392ae026374600add5b887", size = 4968631, upload-time = "2025-06-21T13:39:12.283Z" }
wheels = [
    { url = "https://files.pythonhosted.org/packages/c7/21/705964c7812476f378728bdf590ca4b771ec72385c533964653c68e86bdc/pygments-2.19.2-py3-none-any.whl", hash = "sha256:86540386c03d588bb81d44bc3928634ff26449851e99741617ecb9037ee5ec0b", size = 1225217, upload-time = "2025-06-21T13:39:07.939Z" },
]

[[package]]
name = "pytest"
version = "9.0.2"
source = { registry = "https://pypi.org/simple" }
dependencies = [
    { name = "colorama", marker = "sys_platform == 'win32'" },
    { name = "iniconfig" },
    { name = "packaging" },
    { name = "pluggy" },
    { name = "pygments" },
]
sdist = { url = "https://files.pythonhosted.org/packages/d1/db/7ef3487e0fb0049ddb5ce41d3a49c235bf9ad299b6a25d5780a89f19230f/pytest-9.0.2.tar.gz", hash = "sha256:75186651a92bd89611d1d9fc20f0b4345fd827c41ccd5c299a868a05d70edf11", size = 1568901, upload-time = "2025-12-06T21:30:51.014Z" }
wheels = [
    { url = "https://files.pythonhosted.org/packages/3b/ab/b3226f0bd7cdcf710fbede2b3548584366da3b19b5021e74f5bde2a8fa3f/pytest-9.0.2-py3-none-any.whl", hash = "sha256:711ffd45bf766d5264d487b917733b453d917afd2b0ad65223959f59089f875b", size = 374801, upload-time = "2025-12-06T21:30:49.154Z" },
]

[[package]]
name = "ruff"
version = "0.15.7"
source = { registry = "https://pypi.org/simple" }
sdist = { url = "https://files.pythonhosted.org/packages/a1/22/9e4f66ee588588dc6c9af6a994e12d26e19efbe874d1a909d09a6dac7a59/ruff-0.15.7.tar.gz", hash = "sha256:04f1ae61fc20fe0b148617c324d9d009b5f63412c0b16474f3d5f1a1a665f7ac", size = 4601277, upload-time = "2026-03-19T16:26:22.605Z" }
wheels = [
    { url = "https://files.pythonhosted.org/packages/41/2f/0b08ced94412af091807b6119ca03755d651d3d93a242682bf020189db94/ruff-0.15.7-py3-none-linux_armv6l.whl", hash = "sha256:a81cc5b6910fb7dfc7c32d20652e50fa05963f6e13ead3c5915c41ac5d16668e", size = 10489037, upload-time = "2026-03-19T16:26:32.47Z" },
    { url = "https://files.pythonhosted.org/packages/91/4a/82e0fa632e5c8b1eba5ee86ecd929e8ff327bbdbfb3c6ac5d81631bef605/ruff-0.15.7-py3-none-macosx_10_12_x86_64.whl", hash = "sha256:722d165bd52403f3bdabc0ce9e41fc47070ac56d7a91b4e0d097b516a53a3477", size = 10955433, upload-time = "2026-03-19T16:27:00.205Z" },
    { url = "https://files.pythonhosted.org/packages/ab/10/12586735d0ff42526ad78c049bf51d7428618c8b5c467e72508c694119df/ruff-0.15.7-py3-none-macosx_11_0_arm64.whl", hash = "sha256:7fbc2448094262552146cbe1b9643a92f66559d3761f1ad0656d4991491af49e", size = 10269302, upload-time = "2026-03-19T16:26:26.183Z" },
    { url = "https://files.pythonhosted.org/packages/eb/5d/32b5c44ccf149a26623671df49cbfbd0a0ae511ff3df9d9d2426966a8d57/ruff-0.15.7-py3-none-manylinux_2_17_aarch64.manylinux2014_aarch64.whl", hash = "sha256:6b39329b60eba44156d138275323cc726bbfbddcec3063da57caa8a8b1d50adf", size = 10607625, upload-time = "2026-03-19T16:27:03.263Z" },
    { url = "https://files.pythonhosted.org/packages/5d/f1/f0001cabe86173aaacb6eb9bb734aa0605f9a6aa6fa7d43cb49cbc4af9c9/ruff-0.15.7-py3-none-manylinux_2_17_armv7l.manylinux2014_armv7l.whl", hash = "sha256:87768c151808505f2bfc93ae44e5f9e7c8518943e5074f76ac21558ef5627c85", size = 10324743, upload-time = "2026-03-19T16:27:09.791Z" },
    { url = "https://files.pythonhosted.org/packages/7a/87/b8a8f3d56b8d848008559e7c9d8bf367934d5367f6d932ba779456e2f73b/ruff-0.15.7-py3-none-manylinux_2_17_i686.manylinux2014_i686.whl", hash = "sha256:fb0511670002c6c529ec66c0e30641c976c8963de26a113f3a30456b702468b0", size = 11138536, upload-time = "2026-03-19T16:27:06.101Z" },
    { url = "https://files.pythonhosted.org/packages/e4/f2/4fd0d05aab0c5934b2e1464784f85ba2eab9d54bffc53fb5430d1ed8b829/ruff-0.15.7-py3-none-manylinux_2_17_ppc64le.manylinux2014_ppc64le.whl", hash = "sha256:e0d19644f801849229db8345180a71bee5407b429dd217f853ec515e968a6912", size = 11994292, upload-time = "2026-03-19T16:26:48.718Z" },
    { url = "https://files.pythonhosted.org/packages/64/22/fc4483871e767e5e95d1622ad83dad5ebb830f762ed0420fde7dfa9d9b08/ruff-0.15.7-py3-none-manylinux_2_17_s390x.manylinux2014_s390x.whl", hash = "sha256:4806d8e09ef5e84eb19ba833d0442f7e300b23fe3f0981cae159a248a10f0036", size = 11398981, upload-time = "2026-03-19T16:26:54.513Z" },
    { url = "https://files.pythonhosted.org/packages/b0/99/66f0343176d5eab02c3f7fcd2de7a8e0dd7a41f0d982bee56cd1c24db62b/ruff-0.15.7-py3-none-manylinux_2_17_x86_64.manylinux2014_x86_64.whl", hash = "sha256:dce0896488562f09a27b9c91b1f58a097457143931f3c4d519690dea54e624c5", size = 11242422, upload-time = "2026-03-19T16:26:29.277Z" },
    { url = "https://files.pythonhosted.org/packages/5d/3a/a7060f145bfdcce4c987ea27788b30c60e2c81d6e9a65157ca8afe646328/ruff-0.15.7-py3-none-manylinux_2_31_riscv64.whl", hash = "sha256:1852ce241d2bc89e5dc823e03cff4ce73d816b5c6cdadd27dbfe7b03217d2a12", size = 11232158, upload-time = "2026-03-19T16:26:42.321Z" },
    { url = "https://files.pythonhosted.org/packages/a7/53/90fbb9e08b29c048c403558d3cdd0adf2668b02ce9d50602452e187cd4af/ruff-0.15.7-py3-none-musllinux_1_2_aarch64.whl", hash = "sha256:5f3e4b221fb4bd293f79912fc5e93a9063ebd6d0dcbd528f91b89172a9b8436c", size = 10577861, upload-time = "2026-03-19T16:26:57.459Z" },
    { url = "https://files.pythonhosted.org/packages/2f/aa/5f486226538fe4d0f0439e2da1716e1acf895e2a232b26f2459c55f8ddad/ruff-0.15.7-py3-none-musllinux_1_2_armv7l.whl", hash = "sha256:b15e48602c9c1d9bdc504b472e90b90c97dc7d46c7028011ae67f3861ceba7b4", size = 10327310, upload-time = "2026-03-19T16:26:35.909Z" },
    { url = "https://files.pythonhosted.org/packages/99/9e/271afdffb81fe7bfc8c43ba079e9d96238f674380099457a74ccb3863857/ruff-0.15.7-py3-none-musllinux_1_2_i686.whl", hash = "sha256:1b4705e0e85cedc74b0a23cf6a179dbb3df184cb227761979cc76c0440b5ab0d", size = 10840752, upload-time = "2026-03-19T16:26:45.723Z" },
    { url = "https://files.pythonhosted.org/packages/bf/29/a4ae78394f76c7759953c47884eb44de271b03a66634148d9f7d11e721bd/ruff-0.15.7-py3-none-musllinux_1_2_x86_64.whl", hash = "sha256:112c1fa316a558bb34319282c1200a8bf0495f1b735aeb78bfcb2991e6087580", size = 11336961, upload-time = "2026-03-19T16:26:39.076Z" },
    { url = "https://files.pythonhosted.org/packages/26/6b/8786ba5736562220d588a2f6653e6c17e90c59ced34a2d7b512ef8956103/ruff-0.15.7-py3-none-win32.whl", hash = "sha256:6d39e2d3505b082323352f733599f28169d12e891f7dd407f2d4f54b4c2886de", size = 10582538, upload-time = "2026-03-19T16:26:15.992Z" },
    { url = "https://files.pythonhosted.org/packages/2b/e9/346d4d3fffc6871125e877dae8d9a1966b254fbd92a50f8561078b88b099/ruff-0.15.7-py3-none-win_amd64.whl", hash = "sha256:4d53d712ddebcd7dace1bc395367aec12c057aacfe9adbb6d832302575f4d3a1", size = 11755839, upload-time = "2026-03-19T16:26:19.897Z" },
    { url = "https://files.pythonhosted.org/packages/8f/e8/726643a3ea68c727da31570bde48c7a10f1aa60eddd628d94078fec586ff/ruff-0.15.7-py3-none-win_arm64.whl", hash = "sha256:18e8d73f1c3fdf27931497972250340f92e8c861722161a9caeb89a58ead6ed2", size = 11023304, upload-time = "2026-03-19T16:26:51.669Z" },
]

[[package]]
name = "ty"
version = "0.0.24"
source = { registry = "https://pypi.org/simple" }
sdist = { url = "https://files.pythonhosted.org/packages/7a/96/652a425030f95dc2c9548d9019e52502e17079e1daeefbc4036f1c0905b4/ty-0.0.24.tar.gz", hash = "sha256:9fe42f6b98207bdaef51f71487d6d087f2cb02555ee3939884d779b2b3cc8bfc", size = 5354286, upload-time = "2026-03-19T16:55:57.035Z" }
wheels = [
    { url = "https://files.pythonhosted.org/packages/da/e5/34457ee11708e734ba81ad65723af83030e484f961e281d57d1eecf08951/ty-0.0.24-py3-none-linux_armv6l.whl", hash = "sha256:1ab4f1f61334d533a3fdf5d9772b51b1300ac5da4f3cdb0be9657a3ccb2ce3e7", size = 10394877, upload-time = "2026-03-19T16:55:54.246Z" },
    { url = "https://files.pythonhosted.org/packages/44/81/bc9a1b1a87f43db15ab64ad781a4f999734ec3b470ad042624fa875b20e6/ty-0.0.24-py3-none-macosx_10_12_x86_64.whl", hash = "sha256:facbf2c4aaa6985229e08f8f9bf152215eb078212f22b5c2411f35386688ab42", size = 10211109, upload-time = "2026-03-19T16:55:28.554Z" },
    { url = "https://files.pythonhosted.org/packages/e4/63/cfc805adeaa61d63ba3ea71127efa7d97c40ba36d97ee7bd957341d05107/ty-0.0.24-py3-none-macosx_11_0_arm64.whl", hash = "sha256:b6d2a3b6d4470c483552a31e9b368c86f154dcc964bccb5406159dc9cd362246", size = 9694769, upload-time = "2026-03-19T16:55:34.309Z" },
    { url = "https://files.pythonhosted.org/packages/33/09/edc220726b6ec44a58900401f6b27140997ef15026b791e26b69a6e69eb5/ty-0.0.24-py3-none-manylinux_2_17_aarch64.manylinux2014_aarch64.whl", hash = "sha256:0c94c25d0500939fd5f8f16ce41cbed5b20528702c1d649bf80300253813f0a2", size = 10176287, upload-time = "2026-03-19T16:55:37.17Z" },
    { url = "https://files.pythonhosted.org/packages/f8/bf/cbe2227be711e65017655d8ee4d050f4c92b113fb4dc4c3bd6a19d3a86d8/ty-0.0.24-py3-none-manylinux_2_17_armv7l.manylinux2014_armv7l.whl", hash = "sha256:89cbe7bc7df0fab02dbd8cda79b737df83f1ef7fb573b08c0ee043dc68cffb08", size = 10214832, upload-time = "2026-03-19T16:56:08.518Z" },
    { url = "https://files.pythonhosted.org/packages/af/1d/d15803ee47e9143d10e10bd81ccc14761d08758082bda402950685f0ddfe/ty-0.0.24-py3-none-manylinux_2_17_i686.manylinux2014_i686.whl", hash = "sha256:db2c5d269bcc9b764850c99f457b5018a79b3ef40ecfbc03344e65effd6cf743", size = 10709892, upload-time = "2026-03-19T16:56:05.727Z" },
    { url = "https://files.pythonhosted.org/packages/36/12/6db0d86c477147f67b9052de209421d76c3e855197b000c25fcbbe86b3a2/ty-0.0.24-py3-none-manylinux_2_17_ppc64le.manylinux2014_ppc64le.whl", hash = "sha256:ba44512db5b97c3bbd59d93e11296e8548d0c9a3bdd1280de36d7ff22d351896", size = 11280872, upload-time = "2026-03-19T16:56:02.899Z" },
    { url = "https://files.pythonhosted.org/packages/1b/fc/155fe83a97c06d33ccc9e0f428258b32df2e08a428300c715d34757f0111/ty-0.0.24-py3-none-manylinux_2_17_s390x.manylinux2014_s390x.whl", hash = "sha256:a52b7f589c3205512a9c50ba5b2b1e8c0698b72e51b8b9285c90420c06f1cae8", size = 11060520, upload-time = "2026-03-19T16:55:59.956Z" },
    { url = "https://files.pythonhosted.org/packages/ac/f1/32c05a1c4c3c2a95c5b7361dee03a9bf1231d4ad096b161c838b45bce5a0/ty-0.0.24-py3-none-manylinux_2_17_x86_64.manylinux2014_x86_64.whl", hash = "sha256:7981df5c709c054da4ac5d7c93f8feb8f45e69e829e4461df4d5f0988fe67d04", size = 10791455, upload-time = "2026-03-19T16:55:25.728Z" },
    { url = "https://files.pythonhosted.org/packages/17/2c/53c1ea6bedfa4d4ab64d4de262d8f5e405ecbffefd364459c628c0310d33/ty-0.0.24-py3-none-musllinux_1_2_aarch64.whl", hash = "sha256:b2860151ad95a00d0f0280b8fef79900d08dcd63276b57e6e5774f2c055979c5", size = 10156708, upload-time = "2026-03-19T16:55:45.563Z" },
    { url = "https://files.pythonhosted.org/packages/45/39/7d2919cf194707169474d80720a5f3d793e983416f25e7ffcf80504c9df2/ty-0.0.24-py3-none-musllinux_1_2_armv7l.whl", hash = "sha256:5674a1146d927ab77ff198a88e0c4505134ced342a0e7d1beb4a076a728b7496", size = 10236263, upload-time = "2026-03-19T16:55:31.474Z" },
    { url = "https://files.pythonhosted.org/packages/cf/7f/48eac722f2fd12a5b7aae0effdcb75c46053f94b783d989e3ef0d7380082/ty-0.0.24-py3-none-musllinux_1_2_i686.whl", hash = "sha256:438ecbf1608a9b16dd84502f3f1b23ef2ef32bbd0ab3e0ca5a82f0e0d1cd41ea", size = 10402559, upload-time = "2026-03-19T16:55:39.602Z" },
    { url = "https://files.pythonhosted.org/packages/75/e0/8cf868b9749ce1e5166462759545964e95b02353243594062b927d8bff2a/ty-0.0.24-py3-none-musllinux_1_2_x86_64.whl", hash = "sha256:ddeed3098dd92a83964e7aa7b41e509ba3530eb539fc4cd8322ff64a09daf1f5", size = 10893684, upload-time = "2026-03-19T16:55:51.439Z" },
    { url = "https://files.pythonhosted.org/packages/17/9f/f54bf3be01d2c2ed731d10a5afa3324dc66f987a6ae0a4a6cbfa2323d080/ty-0.0.24-py3-none-win32.whl", hash = "sha256:83013fb3a4764a8f8bcc6ca11ff8bdfd8c5f719fc249241cb2b8916e80778eb1", size = 9781542, upload-time = "2026-03-19T16:56:11.588Z" },
    { url = "https://files.pythonhosted.org/packages/fb/49/c004c5cc258b10b3a145666e9a9c28ae7678bc958c8926e8078d5d769081/ty-0.0.24-py3-none-win_amd64.whl", hash = "sha256:748a60eb6912d1cf27aaab105ffadb6f4d2e458a3fcadfbd3cf26db0d8062eeb", size = 10764801, upload-time = "2026-03-19T16:55:42.752Z" },
    { url = "https://files.pythonhosted.org/packages/e2/59/006a074e185bfccf5e4c026015245ab4fcd2362b13a8d24cf37a277909a9/ty-0.0.24-py3-none-win_arm64.whl", hash = "sha256:280a3d31e86d0721947238f17030c33f0911cae851d108ea9f4e3ab12a5ed01f", size = 10194093, upload-time = "2026-03-19T16:55:48.303Z" },
]

[[package]]
name = "typing-extensions"
version = "4.15.0"
source = { registry = "https://pypi.org/simple" }
sdist = { url = "https://files.pythonhosted.org/packages/72/94/1a15dd82efb362ac84269196e94cf00f187f7ed21c242792a923cdb1c61f/typing_extensions-4.15.0.tar.gz", hash = "sha256:0cea48d173cc12fa28ecabc3b837ea3cf6f38c6d1136f85cbaaf598984861466", size = 109391, upload-time = "2025-08-25T13:49:26.313Z" }
wheels = [
    { url = "https://files.pythonhosted.org/packages/18/67/36e9267722cc04a6b9f15c7f3441c2363321a3ea07da7ae0c0707beb2a9c/typing_extensions-4.15.0-py3-none-any.whl", hash = "sha256:f0fa19c6845758ab08074a0cfa8b7aecb71c999ca73d62883bc25cc018c4e548", size = 44614, upload-time = "2025-08-25T13:49:24.86Z" },
]

[[package]]
name = "wappalyzer-pure"
version = "0.2.5"
source = { editable = "." }

[package.optional-dependencies]
headless = [
    { name = "playwright" },
]

[package.dev-dependencies]
dev = [
    { name = "pytest" },
    { name = "ruff" },
    { name = "ty" },
]

[package.metadata]
requires-dist = [{ name = "playwright", marker = "extra == 'headless'", specifier = ">=1.54,<2" }]
provides-extras = ["headless"]

[package.metadata.requires-dev]
dev = [
    { name = "pytest" },
    { name = "ruff" },
    { name = "ty" },
]
